uuid: 419ad8e2-0d82-4d29-bca2-a5765ab93d60
langcode: en
status: true
dependencies:
  module:
    - auction
    - system
  theme:
    - bartik
id: biddingformblock
theme: bartik
region: content
weight: 0
provider: null
plugin: bidding_form
settings:
  id: bidding_form
  label: 'Bidding form block'
  provider: auction
  label_display: visible
visibility:
  request_path:
    id: request_path
    pages: '/product*'
    negate: false
    context_mapping: {  }
