uuid: d29b7672-53b3-4a9f-acf8-8c758fd1fb7b
langcode: en
status: true
dependencies:
  module:
    - donate_progress
    - node
  theme:
    - blueprint
id: donationrangeblock
theme: blueprint
region: content
weight: -2
provider: null
plugin: donate_range_block
settings:
  id: donate_range_block
  label: 'Donation range block'
  provider: donate_progress
  label_display: '0'
visibility:
  node_type:
    id: node_type
    bundles:
      fundraising_page: fundraising_page
    negate: false
    context_mapping:
      node: '@node.node_route_context:node'
